
Microsoft Visual Studio Solution File, Format Version 12.00
# Visual Studio Version 17
VisualStudioVersion = 17.4.33213.308
MinimumVisualStudioVersion = 10.0.40219.1
Project("{FAE04EC0-301F-11D3-BF4B-00C04F79EFBC}") = "Destinos", "Destinos.csproj", "{B6618D99-9890-448E-A5D9-00D50C9D1D42}"
EndProject
Global
	GlobalSection(SolutionConfigurationPlatforms) = preSolution
		Debug|Any CPU = Debug|Any CPU
		Release|Any CPU = Release|Any CPU
	EndGlobalSection
	GlobalSection(ProjectConfigurationPlatforms) = postSolution
		{B6618D99-9890-448E-A5D9-00D50C9D1D42}.Debug|Any CPU.ActiveCfg = Debug|Any CPU
		{B6618D99-9890-448E-A5D9-00D50C9D1D42}.Debug|Any CPU.Build.0 = Debug|Any CPU
		{B6618D99-9890-448E-A5D9-00D50C9D1D42}.Release|Any CPU.ActiveCfg = Release|Any CPU
		{B6618D99-9890-448E-A5D9-00D50C9D1D42}.Release|Any CPU.Build.0 = Release|Any CPU
	EndGlobalSection
	GlobalSection(SolutionProperties) = preSolution
		HideSolutionNode = FALSE
	EndGlobalSection
	GlobalSection(ExtensibilityGlobals) = postSolution
		SolutionGuid = {01B74690-FED3-434B-A245-BA263D773280}
	EndGlobalSection
EndGlobal
